<?xml version="1.0" encoding="UTF-8"?>
<CodeBlocks_project_file>
	<FileVersion major="1" minor="6"/>
	<Project>
		<Option title="untitled1"/>
		<Option makefile_is_custom="1"/>
		<Option compiler="gcc"/>
		<Option virtualFolders="CMake Files\;"/>
		<Build>
			<Target title="all">
				<Option working_dir="/home/aaron/Documents/ProjektMunka/untitled1"/>
				<Option type="4"/>
				<MakeCommands>
					<Build command="/sbin/make -f &quot;/home/aaron/Documents/ProjektMunka/untitled1/Makefile&quot;  VERBOSE=1 all"/>
					<CompileFile command="/sbin/make -f &quot;/home/aaron/Documents/ProjektMunka/untitled1/Makefile&quot;  VERBOSE=1 &quot;$file&quot;"/>
					<Clean command="/sbin/make -f &quot;/home/aaron/Documents/ProjektMunka/untitled1/Makefile&quot;  VERBOSE=1 clean"/>
					<DistClean command="/sbin/make -f &quot;/home/aaron/Documents/ProjektMunka/untitled1/Makefile&quot;  VERBOSE=1 clean"/>
				</MakeCommands>
			</Target>
			<Target title="rebuild_cache">
				<Option working_dir="/home/aaron/Documents/ProjektMunka/untitled1"/>
				<Option type="4"/>
				<MakeCommands>
					<Build command="/sbin/make -f &quot;/home/aaron/Documents/ProjektMunka/untitled1/Makefile&quot;  VERBOSE=1 rebuild_cache"/>
					<CompileFile command="/sbin/make -f &quot;/home/aaron/Documents/ProjektMunka/untitled1/Makefile&quot;  VERBOSE=1 &quot;$file&quot;"/>
					<Clean command="/sbin/make -f &quot;/home/aaron/Documents/ProjektMunka/untitled1/Makefile&quot;  VERBOSE=1 clean"/>
					<DistClean command="/sbin/make -f &quot;/home/aaron/Documents/ProjektMunka/untitled1/Makefile&quot;  VERBOSE=1 clean"/>
				</MakeCommands>
			</Target>
			<Target title="untitled1">
				<Option output="/home/aaron/Documents/ProjektMunka/untitled1/untitled1" prefix_auto="0" extension_auto="0"/>
				<Option working_dir="/home/aaron/Documents/ProjektMunka/untitled1"/>
				<Option object_output="./"/>
				<Option type="1"/>
				<Option compiler="gcc"/>
				<Compiler/>
				<MakeCommands>
					<Build command="/sbin/make -f &quot;/home/aaron/Documents/ProjektMunka/untitled1/Makefile&quot;  VERBOSE=1 untitled1"/>
					<CompileFile command="/sbin/make -f &quot;/home/aaron/Documents/ProjektMunka/untitled1/Makefile&quot;  VERBOSE=1 &quot;$file&quot;"/>
					<Clean command="/sbin/make -f &quot;/home/aaron/Documents/ProjektMunka/untitled1/Makefile&quot;  VERBOSE=1 clean"/>
					<DistClean command="/sbin/make -f &quot;/home/aaron/Documents/ProjektMunka/untitled1/Makefile&quot;  VERBOSE=1 clean"/>
				</MakeCommands>
			</Target>
			<Target title="untitled1/fast">
				<Option output="/home/aaron/Documents/ProjektMunka/untitled1/untitled1" prefix_auto="0" extension_auto="0"/>
				<Option working_dir="/home/aaron/Documents/ProjektMunka/untitled1"/>
				<Option object_output="./"/>
				<Option type="1"/>
				<Option compiler="gcc"/>
				<Compiler/>
				<MakeCommands>
					<Build command="/sbin/make -f &quot;/home/aaron/Documents/ProjektMunka/untitled1/Makefile&quot;  VERBOSE=1 untitled1/fast"/>
					<CompileFile command="/sbin/make -f &quot;/home/aaron/Documents/ProjektMunka/untitled1/Makefile&quot;  VERBOSE=1 &quot;$file&quot;"/>
					<Clean command="/sbin/make -f &quot;/home/aaron/Documents/ProjektMunka/untitled1/Makefile&quot;  VERBOSE=1 clean"/>
					<DistClean command="/sbin/make -f &quot;/home/aaron/Documents/ProjektMunka/untitled1/Makefile&quot;  VERBOSE=1 clean"/>
				</MakeCommands>
			</Target>
			<Target title="edit_cache">
				<Option working_dir="/home/aaron/Documents/ProjektMunka/untitled1"/>
				<Option type="4"/>
				<MakeCommands>
					<Build command="/sbin/make -f &quot;/home/aaron/Documents/ProjektMunka/untitled1/Makefile&quot;  VERBOSE=1 edit_cache"/>
					<CompileFile command="/sbin/make -f &quot;/home/aaron/Documents/ProjektMunka/untitled1/Makefile&quot;  VERBOSE=1 &quot;$file&quot;"/>
					<Clean command="/sbin/make -f &quot;/home/aaron/Documents/ProjektMunka/untitled1/Makefile&quot;  VERBOSE=1 clean"/>
					<DistClean command="/sbin/make -f &quot;/home/aaron/Documents/ProjektMunka/untitled1/Makefile&quot;  VERBOSE=1 clean"/>
				</MakeCommands>
			</Target>
		</Build>
		<Unit filename="/home/aaron/Documents/ProjektMunka/untitled1/Fifo.cpp">
			<Option target="untitled1"/>
		</Unit>
		<Unit filename="/home/aaron/Documents/ProjektMunka/untitled1/Fifo.h">
			<Option target="untitled1"/>
		</Unit>
		<Unit filename="/home/aaron/Documents/ProjektMunka/untitled1/main.cpp">
			<Option target="untitled1"/>
		</Unit>
		<Unit filename="/home/aaron/Documents/ProjektMunka/untitled1/CMakeLists.txt">
			<Option virtualFolder="CMake Files\"/>
		</Unit>
	</Project>
</CodeBlocks_project_file>
